{
  "name": "g-yachts",
  "version": "1.0.0",
  "lockfileVersion": 3,
  "requires": true,
  "packages": {
    "": {
      "name": "g-yachts",
      "version": "1.0.0",
      "license": "ISC",
      "dependencies": {
        "@rpldy/upload-button": "^1.8.1",
        "@rpldy/uploady": "^1.8.1"
      },
      "devDependencies": {
        "prettier": "3.2.5"
      }
    },
    "node_modules/@rpldy/abort": {
      "version": "1.8.1",
      "resolved": "https://registry.npmjs.org/@rpldy/abort/-/abort-1.8.1.tgz",
      "integrity": "sha512-EDRsCJfiT0NDROrbuyPmPEHwMErOp2MYodtXT6OiO8qfA3I2NsO1KUvr7OIwCDoN1p/ZLok1Npi9jenoh7g+UQ==",
      "dependencies": {
        "@rpldy/raw-uploader": "^1.8.1",
        "@rpldy/shared": "^1.8.1",
        "@rpldy/simple-state": "^1.8.1"
      },
      "funding": {
        "type": "opencollective",
        "url": "https://opencollective.com/react-uploady"
      }
    },
    "node_modules/@rpldy/life-events": {
      "version": "1.8.1",
      "resolved": "https://registry.npmjs.org/@rpldy/life-events/-/life-events-1.8.1.tgz",
      "integrity": "sha512-wC+sIpjJCNC6T5eyrqKcT7nmQig2sbCGOJAQA7IX2HI96hUKk/g2UQQESXKaGE5D3YwXLH0ocNXTu/kx6JCnxg==",
      "dependencies": {
        "@rpldy/shared": "^1.8.1"
      },
      "funding": {
        "type": "opencollective",
        "url": "https://opencollective.com/react-uploady"
      }
    },
    "node_modules/@rpldy/raw-uploader": {
      "version": "1.8.1",
      "resolved": "https://registry.npmjs.org/@rpldy/raw-uploader/-/raw-uploader-1.8.1.tgz",
      "integrity": "sha512-K7wouZTkNS8mEps4OlxFpmMRHGzZ5Pq0s0pVFbpER0iwFsth8oS7Dccd1pikzCIqJ5Bbk10sKSdsqrvMiJ4HAA==",
      "dependencies": {
        "@rpldy/life-events": "^1.8.1",
        "@rpldy/shared": "^1.8.1"
      },
      "funding": {
        "type": "opencollective",
        "url": "https://opencollective.com/react-uploady"
      }
    },
    "node_modules/@rpldy/sender": {
      "version": "1.8.1",
      "resolved": "https://registry.npmjs.org/@rpldy/sender/-/sender-1.8.1.tgz",
      "integrity": "sha512-zkiIPLw6fYp5UundEq6UksXKpqoOGfDtFvRLZnP0IpZD3fqcj88j6+PLO5ewEPazP5+ZGNK7FFRGzUw6RKi+xw==",
      "dependencies": {
        "@rpldy/shared": "^1.8.1"
      },
      "funding": {
        "type": "opencollective",
        "url": "https://opencollective.com/react-uploady"
      }
    },
    "node_modules/@rpldy/shared": {
      "version": "1.8.1",
      "resolved": "https://registry.npmjs.org/@rpldy/shared/-/shared-1.8.1.tgz",
      "integrity": "sha512-Cf5rhMbeS5SzyXO15b6wO97+6/11ZedWY4nMIspCJIjKpQJ+JY2boYfWqCkDDe9kTZdCwcZvcHlNqwN2t0k1sg==",
      "dependencies": {
        "invariant": "^2.2.4",
        "just-throttle": "^4.2.0"
      },
      "funding": {
        "type": "opencollective",
        "url": "https://opencollective.com/react-uploady"
      }
    },
    "node_modules/@rpldy/shared-ui": {
      "version": "1.8.1",
      "resolved": "https://registry.npmjs.org/@rpldy/shared-ui/-/shared-ui-1.8.1.tgz",
      "integrity": "sha512-/tnCArAlkaL1p0Oj9So8Ja4XJbbDc8GZ9RUCRhCx5XMEH/1ZUnbQafhDD19/UMH3DIZ2YWGNbM4Klhdz5ax75g==",
      "dependencies": {
        "@rpldy/shared": "1.8.1",
        "@rpldy/uploader": "1.8.1"
      },
      "funding": {
        "type": "opencollective",
        "url": "https://opencollective.com/react-uploady"
      },
      "peerDependencies": {
        "react": ">=16.8"
      }
    },
    "node_modules/@rpldy/simple-state": {
      "version": "1.8.1",
      "resolved": "https://registry.npmjs.org/@rpldy/simple-state/-/simple-state-1.8.1.tgz",
      "integrity": "sha512-LwYAyoxxpXD4sSzsGnEDe9+NzI00ngNnCE3COHMJMSlt2Z7NiI2/8KnqFQORnbiBoOm7hVRB6vaGQPly4VeFUQ==",
      "dependencies": {
        "@rpldy/shared": "^1.8.1"
      },
      "funding": {
        "type": "opencollective",
        "url": "https://opencollective.com/react-uploady"
      }
    },
    "node_modules/@rpldy/upload-button": {
      "version": "1.8.1",
      "resolved": "https://registry.npmjs.org/@rpldy/upload-button/-/upload-button-1.8.1.tgz",
      "integrity": "sha512-WvK59VKMXNee1+2abSI5/AvW9NoCs20lhcOfusR4gjuUIK80XgGMmXrKYWn1IwmXCIOCcBlPJ6LgffhPEsMPmQ==",
      "dependencies": {
        "@rpldy/shared-ui": "1.8.1"
      },
      "funding": {
        "type": "opencollective",
        "url": "https://opencollective.com/react-uploady"
      },
      "peerDependencies": {
        "react": ">=16.8"
      }
    },
    "node_modules/@rpldy/uploader": {
      "version": "1.8.1",
      "resolved": "https://registry.npmjs.org/@rpldy/uploader/-/uploader-1.8.1.tgz",
      "integrity": "sha512-VcbwAm5wbFlnx7b64OqO644xZlOeAnsS6k+AdPHjyKUn9sVwmfwMFj/xsX/RZNKRnpmjn8ofmJtmYBVRo+8rUw==",
      "dependencies": {
        "@rpldy/abort": "^1.8.1",
        "@rpldy/life-events": "^1.8.1",
        "@rpldy/raw-uploader": "^1.8.1",
        "@rpldy/sender": "^1.8.1",
        "@rpldy/shared": "^1.8.1",
        "@rpldy/simple-state": "^1.8.1"
      },
      "funding": {
        "type": "opencollective",
        "url": "https://opencollective.com/react-uploady"
      }
    },
    "node_modules/@rpldy/uploady": {
      "version": "1.8.1",
      "resolved": "https://registry.npmjs.org/@rpldy/uploady/-/uploady-1.8.1.tgz",
      "integrity": "sha512-sOu1ZfQLGhtlH9TDpWUR9hpedVO4XoJk4DFFQbEXKr0NB6TvIyjace1gyelf9JXiViAKDYkza2lv/oOZBhTSng==",
      "dependencies": {
        "@rpldy/life-events": "1.8.1",
        "@rpldy/shared": "1.8.1",
        "@rpldy/shared-ui": "1.8.1",
        "@rpldy/uploader": "1.8.1"
      },
      "funding": {
        "type": "opencollective",
        "url": "https://opencollective.com/react-uploady"
      },
      "peerDependencies": {
        "react": ">=16.8",
        "react-dom": ">=16.8"
      }
    },
    "node_modules/invariant": {
      "version": "2.2.4",
      "resolved": "https://registry.npmjs.org/invariant/-/invariant-2.2.4.tgz",
      "integrity": "sha512-phJfQVBuaJM5raOpJjSfkiD6BpbCE4Ns//LaXl6wGYtUBY83nWS6Rf9tXm2e8VaK60JEjYldbPif/A2B1C2gNA==",
      "dependencies": {
        "loose-envify": "^1.0.0"
      }
    },
    "node_modules/js-tokens": {
      "version": "4.0.0",
      "resolved": "https://registry.npmjs.org/js-tokens/-/js-tokens-4.0.0.tgz",
      "integrity": "sha512-RdJUflcE3cUzKiMqQgsCu06FPu9UdIJO0beYbPhHN4k6apgJtifcoCtT9bcxOpYBtpD2kCM6Sbzg4CausW/PKQ=="
    },
    "node_modules/just-throttle": {
      "version": "4.2.0",
      "resolved": "https://registry.npmjs.org/just-throttle/-/just-throttle-4.2.0.tgz",
      "integrity": "sha512-/iAZv1953JcExpvsywaPKjSzfTiCLqeguUTE6+VmK15mOcwxBx7/FHrVvS4WEErMR03TRazH8kcBSHqMagYIYg=="
    },
    "node_modules/loose-envify": {
      "version": "1.4.0",
      "resolved": "https://registry.npmjs.org/loose-envify/-/loose-envify-1.4.0.tgz",
      "integrity": "sha512-lyuxPGr/Wfhrlem2CL/UcnUc1zcqKAImBDzukY7Y5F/yQiNdko6+fRLevlw1HgMySw7f611UIY408EtxRSoK3Q==",
      "dependencies": {
        "js-tokens": "^3.0.0 || ^4.0.0"
      },
      "bin": {
        "loose-envify": "cli.js"
      }
    },
    "node_modules/prettier": {
      "version": "3.2.5",
      "resolved": "https://registry.npmjs.org/prettier/-/prettier-3.2.5.tgz",
      "integrity": "sha512-3/GWa9aOC0YeD7LUfvOG2NiDyhOWRvt1k+rcKhOuYnMY24iiCphgneUfJDyFXd6rZCAnuLBv6UeAULtrhT/F4A==",
      "dev": true,
      "bin": {
        "prettier": "bin/prettier.cjs"
      },
      "engines": {
        "node": ">=14"
      },
      "funding": {
        "url": "https://github.com/prettier/prettier?sponsor=1"
      }
    },
    "node_modules/react": {
      "version": "18.3.1",
      "resolved": "https://registry.npmjs.org/react/-/react-18.3.1.tgz",
      "integrity": "sha512-wS+hAgJShR0KhEvPJArfuPVN1+Hz1t0Y6n5jLrGQbkb4urgPE/0Rve+1kMB1v/oWgHgm4WIcV+i7F2pTVj+2iQ==",
      "peer": true,
      "dependencies": {
        "loose-envify": "^1.1.0"
      },
      "engines": {
        "node": ">=0.10.0"
      }
    },
    "node_modules/react-dom": {
      "version": "18.3.1",
      "resolved": "https://registry.npmjs.org/react-dom/-/react-dom-18.3.1.tgz",
      "integrity": "sha512-5m4nQKp+rZRb09LNH59GM4BxTh9251/ylbKIbpe7TpGxfJ+9kv6BLkLBXIjjspbgbnIBNqlI23tRnTWT0snUIw==",
      "peer": true,
      "dependencies": {
        "loose-envify": "^1.1.0",
        "scheduler": "^0.23.2"
      },
      "peerDependencies": {
        "react": "^18.3.1"
      }
    },
    "node_modules/scheduler": {
      "version": "0.23.2",
      "resolved": "https://registry.npmjs.org/scheduler/-/scheduler-0.23.2.tgz",
      "integrity": "sha512-UOShsPwz7NrMUqhR6t0hWjFduvOzbtv7toDH1/hIrfRNIDBnnBWd0CwJTGvTpngVlmwGCdP9/Zl/tVrDqcuYzQ==",
      "peer": true,
      "dependencies": {
        "loose-envify": "^1.1.0"
      }
    }
  }
}
